# Generated by pub
# See https://dart.dev/tools/pub/glossary#lockfile
packages:
  args:
    dependency: "direct main"
    description:
      name: args
      url: "https://pub.dartlang.org"
    source: hosted
    version: "2.0.0"
  async:
    dependency: transitive
    description:
      name: async
      url: "https://pub.dartlang.org"
    source: hosted
    version: "2.5.0"
  collection:
    dependency: transitive
    description:
      name: collection
      url: "https://pub.dartlang.org"
    source: hosted
    version: "1.15.0"
  dartz:
    dependency: "direct main"
    description:
      name: dartz
      url: "https://pub.dartlang.org"
    source: hosted
    version: "0.10.0-nullsafety.1"
  lint:
    dependency: "direct dev"
    description:
      name: lint
      url: "https://pub.dartlang.org"
    source: hosted
    version: "1.5.1"
  path:
    dependency: "direct main"
    description:
      name: path
      url: "https://pub.dartlang.org"
    source: hosted
    version: "1.8.0"
  pedantic:
    dependency: transitive
    description:
      name: pedantic
      url: "https://pub.dartlang.org"
    source: hosted
    version: "1.10.0"
  watcher:
    dependency: "direct main"
    description:
      name: watcher
      url: "https://pub.dartlang.org"
    source: hosted
    version: "1.0.0"
sdks:
  dart: ">=2.12.0-0 <3.0.0"
